// !$*UTF8*$!
{
	archiveVersion = 1;
	classes = {
	};
	objectVersion = 50;
	objects = {

/* Begin PBXBuildFile section */
		8B51663820F73AC4005421FD /* DataModel.xcdatamodeld in Sources */ = {isa = PBXBuildFile; fileRef = 8B51663620F73AC3005421FD /* DataModel.xcdatamodeld */; };
		8B51665B20F7736D005421FD /* CategoryViewController.swift in Sources */ = {isa = PBXBuildFile; fileRef = 8B51665A20F7736D005421FD /* CategoryViewController.swift */; };
		8B53134320F6041C0023192A /* AppDelegate.swift in Sources */ = {isa = PBXBuildFile; fileRef = 8B53134220F6041C0023192A /* AppDelegate.swift */; };
		8B53134520F6041C0023192A /* TodoListViewController.swift in Sources */ = {isa = PBXBuildFile; fileRef = 8B53134420F6041C0023192A /* TodoListViewController.swift */; };
		8B53134820F6041C0023192A /* Main.storyboard in Resources */ = {isa = PBXBuildFile; fileRef = 8B53134620F6041C0023192A /* Main.storyboard */; };
		8B53134A20F6042C0023192A /* Assets.xcassets in Resources */ = {isa = PBXBuildFile; fileRef = 8B53134920F6042C0023192A /* Assets.xcassets */; };
		8B53134D20F6042C0023192A /* LaunchScreen.storyboard in Resources */ = {isa = PBXBuildFile; fileRef = 8B53134B20F6042C0023192A /* LaunchScreen.storyboard */; };
/* End PBXBuildFile section */

/* Begin PBXFileReference section */
		8B51663720F73AC3005421FD /* DataModel.xcdatamodel */ = {isa = PBXFileReference; lastKnownFileType = wrapper.xcdatamodel; path = DataModel.xcdatamodel; sourceTree = "<group>"; };
		8B51665A20F7736D005421FD /* CategoryViewController.swift */ = {isa = PBXFileReference; lastKnownFileType = sourcecode.swift; path = CategoryViewController.swift; sourceTree = "<group>"; };
		8B53133F20F6041C0023192A /* To Do Everything.app */ = {isa = PBXFileReference; explicitFileType = wrapper.application; includeInIndex = 0; path = "To Do Everything.app"; sourceTree = BUILT_PRODUCTS_DIR; };
		8B53134220F6041C0023192A /* AppDelegate.swift */ = {isa = PBXFileReference; lastKnownFileType = sourcecode.swift; path = AppDelegate.swift; sourceTree = "<group>"; };
		8B53134420F6041C0023192A /* TodoListViewController.swift */ = {isa = PBXFileReference; lastKnownFileType = sourcecode.swift; path = TodoListViewController.swift; sourceTree = "<group>"; };
		8B53134720F6041C0023192A /* Base */ = {isa = PBXFileReference; lastKnownFileType = file.storyboard; name = Base; path = Base.lproj/Main.storyboard; sourceTree = "<group>"; };
		8B53134920F6042C0023192A /* Assets.xcassets */ = {isa = PBXFileReference; lastKnownFileType = folder.assetcatalog; path = Assets.xcassets; sourceTree = "<group>"; };
		8B53134C20F6042C0023192A /* Base */ = {isa = PBXFileReference; lastKnownFileType = file.storyboard; name = Base; path = Base.lproj/LaunchScreen.storyboard; sourceTree = "<group>"; };
		8B53134E20F6042C0023192A /* Info.plist */ = {isa = PBXFileReference; lastKnownFileType = text.plist.xml; path = Info.plist; sourceTree = "<group>"; };
/* End PBXFileReference section */

/* Begin PBXFrameworksBuildPhase section */
		8B53133C20F6041C0023192A /* Frameworks */ = {
			isa = PBXFrameworksBuildPhase;
			buildActionMask = 2147483647;
			files = (
			);
			runOnlyForDeploymentPostprocessing = 0;
		};
/* End PBXFrameworksBuildPhase section */

/* Begin PBXGroup section */
		8B53133620F6041B0023192A = {
			isa = PBXGroup;
			children = (
				8B53134120F6041C0023192A /* To Do Everything */,
				8B53134020F6041C0023192A /* Products */,
			);
			sourceTree = "<group>";
		};
		8B53134020F6041C0023192A /* Products */ = {
			isa = PBXGroup;
			children = (
				8B53133F20F6041C0023192A /* To Do Everything.app */,
			);
			name = Products;
			sourceTree = "<group>";
		};
		8B53134120F6041C0023192A /* To Do Everything */ = {
			isa = PBXGroup;
			children = (
				8B53134220F6041C0023192A /* AppDelegate.swift */,
				8B53135720F6412D0023192A /* Controllers */,
				8B53135820F641830023192A /* Views */,
				8B53135920F641BF0023192A /* Supporting Files */,
				8B53134E20F6042C0023192A /* Info.plist */,
				8B53135620F6410F0023192A /* Data Model */,
			);
			path = "To Do Everything";
			sourceTree = "<group>";
		};
		8B53135620F6410F0023192A /* Data Model */ = {
			isa = PBXGroup;
			children = (
				8B51663620F73AC3005421FD /* DataModel.xcdatamodeld */,
			);
			path = "Data Model";
			sourceTree = "<group>";
		};
		8B53135720F6412D0023192A /* Controllers */ = {
			isa = PBXGroup;
			children = (
				8B51665A20F7736D005421FD /* CategoryViewController.swift */,
				8B53134420F6041C0023192A /* TodoListViewController.swift */,
			);
			path = Controllers;
			sourceTree = "<group>";
		};
		8B53135820F641830023192A /* Views */ = {
			isa = PBXGroup;
			children = (
				8B53134620F6041C0023192A /* Main.storyboard */,
			);
			path = Views;
			sourceTree = "<group>";
		};
		8B53135920F641BF0023192A /* Supporting Files */ = {
			isa = PBXGroup;
			children = (
				8B53134920F6042C0023192A /* Assets.xcassets */,
				8B53134B20F6042C0023192A /* LaunchScreen.storyboard */,
			);
			path = "Supporting Files";
			sourceTree = "<group>";
		};
/* End PBXGroup section */

/* Begin PBXNativeTarget section */
		8B53133E20F6041C0023192A /* To Do Everything */ = {
			isa = PBXNativeTarget;
			buildConfigurationList = 8B53135120F6042C0023192A /* Build configuration list for PBXNativeTarget "To Do Everything" */;
			buildPhases = (
				8B53133B20F6041C0023192A /* Sources */,
				8B53133C20F6041C0023192A /* Frameworks */,
				8B53133D20F6041C0023192A /* Resources */,
			);
			buildRules = (
			);
			dependencies = (
			);
			name = "To Do Everything";
			productName = "To Do Everything";
			productReference = 8B53133F20F6041C0023192A /* To Do Everything.app */;
			productType = "com.apple.product-type.application";
		};
/* End PBXNativeTarget section */

/* Begin PBXProject section */
		8B53133720F6041B0023192A /* Project object */ = {
			isa = PBXProject;
			attributes = {
				LastSwiftUpdateCheck = 0940;
				LastUpgradeCheck = 0940;
				ORGANIZATIONNAME = "Lea Gnatzig";
				TargetAttributes = {
					8B53133E20F6041C0023192A = {
						CreatedOnToolsVersion = 9.4.1;
					};
				};
			};
			buildConfigurationList = 8B53133A20F6041C0023192A /* Build configuration list for PBXProject "To Do Everything" */;
			compatibilityVersion = "Xcode 9.3";
			developmentRegion = en;
			hasScannedForEncodings = 0;
			knownRegions = (
				en,
				Base,
			);
			mainGroup = 8B53133620F6041B0023192A;
			productRefGroup = 8B53134020F6041C0023192A /* Products */;
			projectDirPath = "";
			projectRoot = "";
			targets = (
				8B53133E20F6041C0023192A /* To Do Everything */,
			);
		};
/* End PBXProject section */

/* Begin PBXResourcesBuildPhase section */
		8B53133D20F6041C0023192A /* Resources */ = {
			isa = PBXResourcesBuildPhase;
			buildActionMask = 2147483647;
			files = (
				8B53134D20F6042C0023192A /* LaunchScreen.storyboard in Resources */,
				8B53134A20F6042C0023192A /* Assets.xcassets in Resources */,
				8B53134820F6041C0023192A /* Main.storyboard in Resources */,
			);
			runOnlyForDeploymentPostprocessing = 0;
		};
/* End PBXResourcesBuildPhase section */

/* Begin PBXSourcesBuildPhase section */
		8B53133B20F6041C0023192A /* Sources */ = {
			isa = PBXSourcesBuildPhase;
			buildActionMask = 2147483647;
			files = (
				8B51665B20F7736D005421FD /* CategoryViewController.swift in Sources */,
				8B53134520F6041C0023192A /* TodoListViewController.swift in Sources */,
				8B51663820F73AC4005421FD /* DataModel.xcdatamodeld in Sources */,
				8B53134320F6041C0023192A /* AppDelegate.swift in Sources */,
			);
			runOnlyForDeploymentPostprocessing = 0;
		};
/* End PBXSourcesBuildPhase section */

/* Begin PBXVariantGroup section */
		8B53134620F6041C0023192A /* Main.storyboard */ = {
			isa = PBXVariantGroup;
			children = (
				8B53134720F6041C0023192A /* Base */,
			);
			name = Main.storyboard;
			sourceTree = "<group>";
		};
		8B53134B20F6042C0023192A /* LaunchScreen.storyboard */ = {
			isa = PBXVariantGroup;
			children = (
				8B53134C20F6042C0023192A /* Base */,
			);
			name = LaunchScreen.storyboard;
			sourceTree = "<group>";
		};
/* End PBXVariantGroup section */

/* Begin XCBuildConfiguration section */
		8B53134F20F6042C0023192A /* Debug */ = {
			isa = XCBuildConfiguration;
			buildSettings = {
				ALWAYS_SEARCH_USER_PATHS = NO;
				CLANG_ANALYZER_NONNULL = YES;
				CLANG_ANALYZER_NUMBER_OBJECT_CONVERSION = YES_AGGRESSIVE;
				CLANG_CXX_LANGUAGE_STANDARD = "gnu++14";
				CLANG_CXX_LIBRARY = "libc++";
				CLANG_ENABLE_MODULES = YES;
				CLANG_ENABLE_OBJC_ARC = YES;
				CLANG_ENABLE_OBJC_WEAK = YES;
				CLANG_WARN_BLOCK_CAPTURE_AUTORELEASING = YES;
				CLANG_WARN_BOOL_CONVERSION = YES;
				CLANG_WARN_COMMA = YES;
				CLANG_WARN_CONSTANT_CONVERSION = YES;
				CLANG_WARN_DEPRECATED_OBJC_IMPLEMENTATIONS = YES;
				CLANG_WARN_DIRECT_OBJC_ISA_USAGE = YES_ERROR;
				CLANG_WARN_DOCUMENTATION_COMMENTS = YES;
				CLANG_WARN_EMPTY_BODY = YES;
				CLANG_WARN_ENUM_CONVERSION = YES;
				CLANG_WARN_INFINITE_RECURSION = YES;
				CLANG_WARN_INT_CONVERSION = YES;
				CLANG_WARN_NON_LITERAL_NULL_CONVERSION = YES;
				CLANG_WARN_OBJC_IMPLICIT_RETAIN_SELF = YES;
				CLANG_WARN_OBJC_LITERAL_CONVERSION = YES;
				CLANG_WARN_OBJC_ROOT_CLASS = YES_ERROR;
				CLANG_WARN_RANGE_LOOP_ANALYSIS = YES;
				CLANG_WARN_STRICT_PROTOTYPES = YES;
				CLANG_WARN_SUSPICIOUS_MOVE = YES;
				CLANG_WARN_UNGUARDED_AVAILABILITY = YES_AGGRESSIVE;
				CLANG_WARN_UNREACHABLE_CODE = YES;
				CLANG_WARN__DUPLICATE_METHOD_MATCH = YES;
				CODE_SIGN_IDENTITY = "iPhone Developer";
				COPY_PHASE_STRIP = NO;
				DEBUG_INFORMATION_FORMAT = dwarf;
				ENABLE_STRICT_OBJC_MSGSEND = YES;
				ENABLE_TESTABILITY = YES;
				GCC_C_LANGUAGE_STANDARD = gnu11;
				GCC_DYNAMIC_NO_PIC = NO;
				GCC_NO_COMMON_BLOCKS = YES;
				GCC_OPTIMIZATION_LEVEL = 0;
				GCC_PREPROCESSOR_DEFINITIONS = (
					"DEBUG=1",
					"$(inherited)",
				);
				GCC_WARN_64_TO_32_BIT_CONVERSION = YES;
				GCC_WARN_ABOUT_RETURN_TYPE = YES_ERROR;
				GCC_WARN_UNDECLARED_SELECTOR = YES;
				GCC_WARN_UNINITIALIZED_AUTOS = YES_AGGRESSIVE;
				GCC_WARN_UNUSED_FUNCTION = YES;
				GCC_WARN_UNUSED_VARIABLE = YES;
				IPHONEOS_DEPLOYMENT_TARGET = 11.4;
				MTL_ENABLE_DEBUG_INFO = YES;
				ONLY_ACTIVE_ARCH = YES;
				SDKROOT = iphoneos;
				SWIFT_ACTIVE_COMPILATION_CONDITIONS = DEBUG;
				SWIFT_OPTIMIZATION_LEVEL = "-Onone";
			};
			name = Debug;
		};
		8B53135020F6042C0023192A /* Release */ = {
			isa = XCBuildConfiguration;
			buildSettings = {
				ALWAYS_SEARCH_USER_PATHS = NO;
				CLANG_ANALYZER_NONNULL = YES;
				CLANG_ANALYZER_NUMBER_OBJECT_CONVERSION = YES_AGGRESSIVE;
				CLANG_CXX_LANGUAGE_STANDARD = "gnu++14";
				CLANG_CXX_LIBRARY = "libc++";
				CLANG_ENABLE_MODULES = YES;
				CLANG_ENABLE_OBJC_ARC = YES;
				CLANG_ENABLE_OBJC_WEAK = YES;
				CLANG_WARN_BLOCK_CAPTURE_AUTORELEASING = YES;
				CLANG_WARN_BOOL_CONVERSION = YES;
				CLANG_WARN_COMMA = YES;
				CLANG_WARN_CONSTANT_CONVERSION = YES;
				CLANG_WARN_DEPRECATED_OBJC_IMPLEMENTATIONS = YES;
				CLANG_WARN_DIRECT_OBJC_ISA_USAGE = YES_ERROR;
				CLANG_WARN_DOCUMENTATION_COMMENTS = YES;
				CLANG_WARN_EMPTY_BODY = YES;
				CLANG_WARN_ENUM_CONVERSION = YES;
				CLANG_WARN_INFINITE_RECURSION = YES;
				CLANG_WARN_INT_CONVERSION = YES;
				CLANG_WARN_NON_LITERAL_NULL_CONVERSION = YES;
				CLANG_WARN_OBJC_IMPLICIT_RETAIN_SELF = YES;
				CLANG_WARN_OBJC_LITERAL_CONVERSION = YES;
				CLANG_WARN_OBJC_ROOT_CLASS = YES_ERROR;
				CLANG_WARN_RANGE_LOOP_ANALYSIS = YES;
				CLANG_WARN_STRICT_PROTOTYPES = YES;
				CLANG_WARN_SUSPICIOUS_MOVE = YES;
				CLANG_WARN_UNGUARDED_AVAILABILITY = YES_AGGRESSIVE;
				CLANG_WARN_UNREACHABLE_CODE = YES;
				CLANG_WARN__DUPLICATE_METHOD_MATCH = YES;
				CODE_SIGN_IDENTITY = "iPhone Developer";
				COPY_PHASE_STRIP = NO;
				DEBUG_INFORMATION_FORMAT = "dwarf-with-dsym";
				ENABLE_NS_ASSERTIONS = NO;
				ENABLE_STRICT_OBJC_MSGSEND = YES;
				GCC_C_LANGUAGE_STANDARD = gnu11;
				GCC_NO_COMMON_BLOCKS = YES;
				GCC_WARN_64_TO_32_BIT_CONVERSION = YES;
				GCC_WARN_ABOUT_RETURN_TYPE = YES_ERROR;
				GCC_WARN_UNDECLARED_SELECTOR = YES;
				GCC_WARN_UNINITIALIZED_AUTOS = YES_AGGRESSIVE;
				GCC_WARN_UNUSED_FUNCTION = YES;
				GCC_WARN_UNUSED_VARIABLE = YES;
				IPHONEOS_DEPLOYMENT_TARGET = 11.4;
				MTL_ENABLE_DEBUG_INFO = NO;
				SDKROOT = iphoneos;
				SWIFT_COMPILATION_MODE = wholemodule;
				SWIFT_OPTIMIZATION_LEVEL = "-O";
				VALIDATE_PRODUCT = YES;
			};
			name = Release;
		};
		8B53135220F6042C0023192A /* Debug */ = {
			isa = XCBuildConfiguration;
			buildSettings = {
				ASSETCATALOG_COMPILER_APPICON_NAME = AppIcon;
				CODE_SIGN_STYLE = Automatic;
				INFOPLIST_FILE = "To Do Everything/Info.plist";
				LD_RUNPATH_SEARCH_PATHS = (
					"$(inherited)",
					"@executable_path/Frameworks",
				);
				PRODUCT_BUNDLE_IDENTIFIER = "com.GLea1.To-Do-Everything";
				PRODUCT_NAME = "$(TARGET_NAME)";
				SWIFT_VERSION = 4.0;
				TARGETED_DEVICE_FAMILY = 1;
			};
			name = Debug;
		};
		8B53135320F6042C0023192A /* Release */ = {
			isa = XCBuildConfiguration;
			buildSettings = {
				ASSETCATALOG_COMPILER_APPICON_NAME = AppIcon;
				CODE_SIGN_STYLE = Automatic;
				INFOPLIST_FILE = "To Do Everything/Info.plist";
				LD_RUNPATH_SEARCH_PATHS = (
					"$(inherited)",
					"@executable_path/Frameworks",
				);
				PRODUCT_BUNDLE_IDENTIFIER = "com.GLea1.To-Do-Everything";
				PRODUCT_NAME = "$(TARGET_NAME)";
				SWIFT_VERSION = 4.0;
				TARGETED_DEVICE_FAMILY = 1;
			};
			name = Release;
		};
/* End XCBuildConfiguration section */

/* Begin XCConfigurationList section */
		8B53133A20F6041C0023192A /* Build configuration list for PBXProject "To Do Everything" */ = {
			isa = XCConfigurationList;
			buildConfigurations = (
				8B53134F20F6042C0023192A /* Debug */,
				8B53135020F6042C0023192A /* Release */,
			);
			defaultConfigurationIsVisible = 0;
			defaultConfigurationName = Release;
		};
		8B53135120F6042C0023192A /* Build configuration list for PBXNativeTarget "To Do Everything" */ = {
			isa = XCConfigurationList;
			buildConfigurations = (
				8B53135220F6042C0023192A /* Debug */,
				8B53135320F6042C0023192A /* Release */,
			);
			defaultConfigurationIsVisible = 0;
			defaultConfigurationName = Release;
		};
/* End XCConfigurationList section */

/* Begin XCVersionGroup section */
		8B51663620F73AC3005421FD /* DataModel.xcdatamodeld */ = {
			isa = XCVersionGroup;
			children = (
				8B51663720F73AC3005421FD /* DataModel.xcdatamodel */,
			);
			currentVersion = 8B51663720F73AC3005421FD /* DataModel.xcdatamodel */;
			path = DataModel.xcdatamodeld;
			sourceTree = "<group>";
			versionGroupType = wrapper.xcdatamodel;
		};
/* End XCVersionGroup section */
	};
	rootObject = 8B53133720F6041B0023192A /* Project object */;
}
